# GENERATED FILE - DO NOT EDIT DIRECTLY
schema_version: 1

bundle:
  version: "0.1.0-dev"
  release_sequence: 0
  channel: "development"
  source_commit: "657577c5bb7a99217855834f9429f089afcb2082"
  digest: "sha256:ffdae1fe0904b20cf12a741df8b5cdb7c5ddd4e5997874c8a23e1ee9f5c75deb"

projection:
  input_digest: "sha256:5154faef4a2af8af0a91e4dfb853f26dc01893bd72cc94fe1eef43c873f76ecf"
  output_digest: "sha256:ab23cf3a23f0af909c43f5d69337c5cb32645dc45a351cd3e1bb411fe73744b4"
  files:
    - path: ".claude/CLAUDE.md"
      digest: "sha256:7b50d15feae7b63b94d845b2fa6e19e3220527c5b0cac69303b7fc19bd7484a8"
    - path: ".gds/compiled-policy.json"
      digest: "sha256:fd5e0cef579071ea20ca633ff2d7db95d266b5dd315014a878c038e56f7e78e9"
    - path: "AGENTS.md"
      digest: "sha256:de57ea36bb90c8376aa67490aa388a841da22d6ba5572e67f66ace533deba322"
