# GENERATED FILE - DO NOT EDIT DIRECTLY
schema_version: 1

bundle:
  version: "0.4.0-dev"
  release_sequence: 0
  channel: "development"
  source_commit: "bc1f1aefdf31cfa1c4e53c75abf2e33de5887ded"
  digest: "sha256:c20f40bc17508947cd7923fc4d013aa7e821452a40b916277ee653d2a6935408"

projection:
  input_digest: "sha256:678649c78145299149f9f68739569523a7bf9c8bc4be85e4d0d481e51e5d47af"
  output_digest: "sha256:db5f11e160048d3cea979002b0d7b77158b0f79cb8928c3c730e5882c572f9af"
  files:
    - path: ".claude/CLAUDE.md"
      digest: "sha256:7b50d15feae7b63b94d845b2fa6e19e3220527c5b0cac69303b7fc19bd7484a8"
    - path: ".gds/compiled-policy.json"
      digest: "sha256:a3fc5feaaacae1ded2b37eb95f506703906773a92a2c3562343cddd5860eccd8"
    - path: "AGENTS.md"
      digest: "sha256:de57ea36bb90c8376aa67490aa388a841da22d6ba5572e67f66ace533deba322"
